{
  "name": "managed-powerbi-modeling-mcp",
  "version": "0.0.0",
  "lockfileVersion": 3,
  "requires": true,
  "packages": {
    "": {
      "name": "managed-powerbi-modeling-mcp",
      "version": "0.0.0",
      "dependencies": {
        "@microsoft/powerbi-modeling-mcp": "0.5.0-beta.5"
      }
    },
    "node_modules/@microsoft/powerbi-modeling-mcp": {
      "version": "0.5.0-beta.5",
      "resolved": "https://registry.npmjs.org/@microsoft/powerbi-modeling-mcp/-/powerbi-modeling-mcp-0.5.0-beta.5.tgz",
      "integrity": "sha512-6DRazuCnguUc+CkWFjiH79vd9Mr6jzASH84NpHTxrGIXd3ke56V2Mb5oHV4m/oLIYWM3VbPM0GEaoB3FNLhV1w==",
      "cpu": [
        "x64",
        "arm64"
      ],
      "license": "Microsoft",
      "os": [
        "win32",
        "darwin",
        "linux"
      ],
      "bin": {
        "powerbi-modeling-mcp": "index.js"
      },
      "engines": {
        "node": ">=18.0.0"
      },
      "optionalDependencies": {
        "@microsoft/powerbi-modeling-mcp-darwin-arm64": "0.5.0-beta.5",
        "@microsoft/powerbi-modeling-mcp-linux-arm64": "0.5.0-beta.5",
        "@microsoft/powerbi-modeling-mcp-linux-x64": "0.5.0-beta.5",
        "@microsoft/powerbi-modeling-mcp-win32-arm64": "0.5.0-beta.5",
        "@microsoft/powerbi-modeling-mcp-win32-x64": "0.5.0-beta.5"
      }
    },
    "node_modules/@microsoft/powerbi-modeling-mcp-darwin-arm64": {
      "version": "0.5.0-beta.5",
      "resolved": "https://registry.npmjs.org/@microsoft/powerbi-modeling-mcp-darwin-arm64/-/powerbi-modeling-mcp-darwin-arm64-0.5.0-beta.5.tgz",
      "integrity": "sha512-irUpAfq2D47b72ODU1HI0Y+BE3zWUGna8QamkRW+H8CkDM3qL2oq3fiqHAh01EGx+9x/9g0H1mGePjKKeWwXLQ==",
      "cpu": [
        "arm64"
      ],
      "license": "Microsoft",
      "optional": true,
      "os": [
        "darwin"
      ],
      "bin": {
        "powerbi-modeling-mcp-darwin-arm64": "dist/powerbi-modeling-mcp"
      },
      "engines": {
        "node": ">=18.0.0"
      }
    },
    "node_modules/@microsoft/powerbi-modeling-mcp-linux-arm64": {
      "version": "0.5.0-beta.5",
      "resolved": "https://registry.npmjs.org/@microsoft/powerbi-modeling-mcp-linux-arm64/-/powerbi-modeling-mcp-linux-arm64-0.5.0-beta.5.tgz",
      "integrity": "sha512-/AJv45CuZ6oiqJVbh/K3WKPYW6GisI+y2I+BpAkFXg4lIWH4EhENsOMu/yuWwU9ZkxA8FaMo8eR0oWmQgO8SOw==",
      "cpu": [
        "arm64"
      ],
      "license": "Microsoft",
      "optional": true,
      "os": [
        "linux"
      ],
      "bin": {
        "powerbi-modeling-mcp-linux-arm64": "dist/powerbi-modeling-mcp"
      },
      "engines": {
        "node": ">=18.0.0"
      }
    },
    "node_modules/@microsoft/powerbi-modeling-mcp-linux-x64": {
      "version": "0.5.0-beta.5",
      "resolved": "https://registry.npmjs.org/@microsoft/powerbi-modeling-mcp-linux-x64/-/powerbi-modeling-mcp-linux-x64-0.5.0-beta.5.tgz",
      "integrity": "sha512-FG7YJ7U4zio+932Zn7fpAvoVGw7kDT3hXyzRoEEs0SyikUwxO8tbbrDfp6xnGN2ycmxIWlhgA5xASz801lf6Vw==",
      "cpu": [
        "x64"
      ],
      "license": "Microsoft",
      "optional": true,
      "os": [
        "linux"
      ],
      "bin": {
        "powerbi-modeling-mcp-linux-x64": "dist/powerbi-modeling-mcp"
      },
      "engines": {
        "node": ">=18.0.0"
      }
    },
    "node_modules/@microsoft/powerbi-modeling-mcp-win32-arm64": {
      "version": "0.5.0-beta.5",
      "resolved": "https://registry.npmjs.org/@microsoft/powerbi-modeling-mcp-win32-arm64/-/powerbi-modeling-mcp-win32-arm64-0.5.0-beta.5.tgz",
      "integrity": "sha512-wgzcUBBxqNI62Bp3C+7yKRTC0wKF4tfzojUSKBkeUvyHvz+UaT+qiopTzwjBIGduotuYI+gOP4Ux9+mua5SYOA==",
      "cpu": [
        "arm64"
      ],
      "license": "Microsoft",
      "optional": true,
      "os": [
        "win32"
      ],
      "bin": {
        "powerbi-modeling-mcp-win32-arm64": "dist/powerbi-modeling-mcp.exe"
      },
      "engines": {
        "node": ">=18.0.0"
      }
    },
    "node_modules/@microsoft/powerbi-modeling-mcp-win32-x64": {
      "version": "0.5.0-beta.5",
      "resolved": "https://registry.npmjs.org/@microsoft/powerbi-modeling-mcp-win32-x64/-/powerbi-modeling-mcp-win32-x64-0.5.0-beta.5.tgz",
      "integrity": "sha512-kbdawdiGDvwCdwAuv/ycJjuJ0vEO2kJw1xtbFJftH3cyphHlthVBr6SNSp4jaus+RwvJLzL52Bb8yAnVwkergQ==",
      "cpu": [
        "x64"
      ],
      "license": "Microsoft",
      "optional": true,
      "os": [
        "win32"
      ],
      "bin": {
        "powerbi-modeling-mcp-win32-x64": "dist/powerbi-modeling-mcp.exe"
      },
      "engines": {
        "node": ">=18.0.0"
      }
    }
  }
}
