{
  "name": "managed-powerbi-modeling-mcp",
  "version": "0.0.0",
  "lockfileVersion": 3,
  "requires": true,
  "packages": {
    "": {
      "name": "managed-powerbi-modeling-mcp",
      "version": "0.0.0",
      "dependencies": {
        "@microsoft/powerbi-modeling-mcp": "0.5.0-beta.3"
      }
    },
    "node_modules/@microsoft/powerbi-modeling-mcp": {
      "version": "0.5.0-beta.3",
      "resolved": "https://registry.npmjs.org/@microsoft/powerbi-modeling-mcp/-/powerbi-modeling-mcp-0.5.0-beta.3.tgz",
      "integrity": "sha512-ecwmVFgmI42Id4XI7gEUzXzQRlnSwjXU3oALRtqr5lr+qD2hQC761zjEeiKbh/7BMbSaR0SqySYfVX2DaoxGWw==",
      "cpu": [
        "x64",
        "arm64"
      ],
      "license": "Microsoft",
      "os": [
        "win32",
        "darwin",
        "linux"
      ],
      "bin": {
        "powerbi-modeling-mcp": "index.js"
      },
      "engines": {
        "node": ">=18.0.0"
      },
      "optionalDependencies": {
        "@microsoft/powerbi-modeling-mcp-darwin-arm64": "0.5.0-beta.3",
        "@microsoft/powerbi-modeling-mcp-linux-arm64": "0.5.0-beta.3",
        "@microsoft/powerbi-modeling-mcp-linux-x64": "0.5.0-beta.3",
        "@microsoft/powerbi-modeling-mcp-win32-arm64": "0.5.0-beta.3",
        "@microsoft/powerbi-modeling-mcp-win32-x64": "0.5.0-beta.3"
      }
    },
    "node_modules/@microsoft/powerbi-modeling-mcp-darwin-arm64": {
      "version": "0.5.0-beta.3",
      "resolved": "https://registry.npmjs.org/@microsoft/powerbi-modeling-mcp-darwin-arm64/-/powerbi-modeling-mcp-darwin-arm64-0.5.0-beta.3.tgz",
      "integrity": "sha512-0z5R8clJhXZ71ZiLuBHlneSfPVYHFqYsCOnRUaDFWepdZ0XqRx3ZOkr/QH7zRwRQymyPQ9Seywz2shUC0/HOAw==",
      "cpu": [
        "arm64"
      ],
      "license": "Microsoft",
      "optional": true,
      "os": [
        "darwin"
      ],
      "bin": {
        "powerbi-modeling-mcp-darwin-arm64": "dist/powerbi-modeling-mcp"
      },
      "engines": {
        "node": ">=18.0.0"
      }
    },
    "node_modules/@microsoft/powerbi-modeling-mcp-linux-arm64": {
      "version": "0.5.0-beta.3",
      "resolved": "https://registry.npmjs.org/@microsoft/powerbi-modeling-mcp-linux-arm64/-/powerbi-modeling-mcp-linux-arm64-0.5.0-beta.3.tgz",
      "integrity": "sha512-qQl8ZBkyr+hEsy+7o6Q43aLXLJzzR6ndqe+P+0KBcXUP1zSzLPL7xAhpMf74cyvaOqoh8rRTx2QA/GKHtkegkg==",
      "cpu": [
        "arm64"
      ],
      "license": "Microsoft",
      "optional": true,
      "os": [
        "linux"
      ],
      "bin": {
        "powerbi-modeling-mcp-linux-arm64": "dist/powerbi-modeling-mcp"
      },
      "engines": {
        "node": ">=18.0.0"
      }
    },
    "node_modules/@microsoft/powerbi-modeling-mcp-linux-x64": {
      "version": "0.5.0-beta.3",
      "resolved": "https://registry.npmjs.org/@microsoft/powerbi-modeling-mcp-linux-x64/-/powerbi-modeling-mcp-linux-x64-0.5.0-beta.3.tgz",
      "integrity": "sha512-KqNh/zeME3YvvVZO/QSrL42FX5XZ72g26+9ehvtqzuKPAVmDUWSfEmft/3/lgNNF7nGtY1VJP4zrQ76mFXRStw==",
      "cpu": [
        "x64"
      ],
      "license": "Microsoft",
      "optional": true,
      "os": [
        "linux"
      ],
      "bin": {
        "powerbi-modeling-mcp-linux-x64": "dist/powerbi-modeling-mcp"
      },
      "engines": {
        "node": ">=18.0.0"
      }
    },
    "node_modules/@microsoft/powerbi-modeling-mcp-win32-arm64": {
      "version": "0.5.0-beta.3",
      "resolved": "https://registry.npmjs.org/@microsoft/powerbi-modeling-mcp-win32-arm64/-/powerbi-modeling-mcp-win32-arm64-0.5.0-beta.3.tgz",
      "integrity": "sha512-m6M11PXxj3oe5m2SN76lNfeaZdkOrXoSqFILd3Gpb3mThgH4dEzrwS5BitDJ0Lr/e8n2wPJI1jbzPs7Ztzv2Lg==",
      "cpu": [
        "arm64"
      ],
      "license": "Microsoft",
      "optional": true,
      "os": [
        "win32"
      ],
      "bin": {
        "powerbi-modeling-mcp-win32-arm64": "dist/powerbi-modeling-mcp.exe"
      },
      "engines": {
        "node": ">=18.0.0"
      }
    },
    "node_modules/@microsoft/powerbi-modeling-mcp-win32-x64": {
      "version": "0.5.0-beta.3",
      "resolved": "https://registry.npmjs.org/@microsoft/powerbi-modeling-mcp-win32-x64/-/powerbi-modeling-mcp-win32-x64-0.5.0-beta.3.tgz",
      "integrity": "sha512-eUX8CoveI1oy0UkWGhRJniH/mR7MHz6lnqe84wWh2mnXuek92PN4tA1yX3BxqycPKIUVZX1W4g/VdaaLCojCiA==",
      "cpu": [
        "x64"
      ],
      "license": "Microsoft",
      "optional": true,
      "os": [
        "win32"
      ],
      "bin": {
        "powerbi-modeling-mcp-win32-x64": "dist/powerbi-modeling-mcp.exe"
      },
      "engines": {
        "node": ">=18.0.0"
      }
    }
  }
}
